
Microsoft Visual Studio Solution File, Format Version 12.00
# Visual Studio Version 16
VisualStudioVersion = 16.0.31129.286
MinimumVisualStudioVersion = 10.0.40219.1
Project("{FAE04EC0-301F-11D3-BF4B-00C04F79EFBC}") = "rekursiya 1", "rekursiya 1\rekursiya 1.csproj", "{F75AADB7-74BF-42C2-A7B1-6D2B67ACC12C}"
EndProject
Global
	GlobalSection(SolutionConfigurationPlatforms) = preSolution
		Debug|Any CPU = Debug|Any CPU
		Release|Any CPU = Release|Any CPU
	EndGlobalSection
	GlobalSection(ProjectConfigurationPlatforms) = postSolution
		{F75AADB7-74BF-42C2-A7B1-6D2B67ACC12C}.Debug|Any CPU.ActiveCfg = Debug|Any CPU
		{F75AADB7-74BF-42C2-A7B1-6D2B67ACC12C}.Debug|Any CPU.Build.0 = Debug|Any CPU
		{F75AADB7-74BF-42C2-A7B1-6D2B67ACC12C}.Release|Any CPU.ActiveCfg = Release|Any CPU
		{F75AADB7-74BF-42C2-A7B1-6D2B67ACC12C}.Release|Any CPU.Build.0 = Release|Any CPU
	EndGlobalSection
	GlobalSection(SolutionProperties) = preSolution
		HideSolutionNode = FALSE
	EndGlobalSection
	GlobalSection(ExtensibilityGlobals) = postSolution
		SolutionGuid = {C97E0459-2912-4C98-9637-576ED8EEEC44}
	EndGlobalSection
EndGlobal
